// !$*UTF8*$!
{
	archiveVersion = 1;
	classes = {
	};
	objectVersion = 53;
	objects = {

/* Begin PBXBuildFile section */
		8EA2A3081E15082B71E6E470 /* Pods_MintynApp.framework in Frameworks */ = {isa = PBXBuildFile; fileRef = 918DECD38BE8EC7D3D065B30 /* Pods_MintynApp.framework */; };
		97D55B8A51AEF95542D20A3F /* Pods_MintynAppTests.framework in Frameworks */ = {isa = PBXBuildFile; fileRef = 3EF17F69B29AF6369FF7B97A /* Pods_MintynAppTests.framework */; };
		B4FF7BE2273ACCFD001B0462 /* AppDelegate.swift in Sources */ = {isa = PBXBuildFile; fileRef = B4FF7BE1273ACCFD001B0462 /* AppDelegate.swift */; };
		B4FF7BE4273ACCFD001B0462 /* SceneDelegate.swift in Sources */ = {isa = PBXBuildFile; fileRef = B4FF7BE3273ACCFD001B0462 /* SceneDelegate.swift */; };
		B4FF7BEB273ACCFF001B0462 /* Assets.xcassets in Resources */ = {isa = PBXBuildFile; fileRef = B4FF7BEA273ACCFF001B0462 /* Assets.xcassets */; };
		B4FF7BEE273ACCFF001B0462 /* LaunchScreen.storyboard in Resources */ = {isa = PBXBuildFile; fileRef = B4FF7BEC273ACCFF001B0462 /* LaunchScreen.storyboard */; };
		B4FF7BF9273ACD00001B0462 /* MintynAppTests.swift in Sources */ = {isa = PBXBuildFile; fileRef = B4FF7BF8273ACD00001B0462 /* MintynAppTests.swift */; };
		B4FF7C03273ACD00001B0462 /* MintynAppUITests.swift in Sources */ = {isa = PBXBuildFile; fileRef = B4FF7C02273ACD00001B0462 /* MintynAppUITests.swift */; };
		B4FF7C05273ACD00001B0462 /* MintynAppUITestsLaunchTests.swift in Sources */ = {isa = PBXBuildFile; fileRef = B4FF7C04273ACD00001B0462 /* MintynAppUITestsLaunchTests.swift */; };
		B4FF7C1E273AD4B7001B0462 /* LoginViewController.swift in Sources */ = {isa = PBXBuildFile; fileRef = B4FF7C1C273AD4B7001B0462 /* LoginViewController.swift */; };
		B4FF7C1F273AD4B7001B0462 /* LoginViewController.xib in Resources */ = {isa = PBXBuildFile; fileRef = B4FF7C1D273AD4B7001B0462 /* LoginViewController.xib */; };
		B4FF7C22273AD532001B0462 /* UIViewController+Extension.swift in Sources */ = {isa = PBXBuildFile; fileRef = B4FF7C21273AD532001B0462 /* UIViewController+Extension.swift */; };
		B4FF7C24273AD595001B0462 /* UIView+Extension.swift in Sources */ = {isa = PBXBuildFile; fileRef = B4FF7C23273AD595001B0462 /* UIView+Extension.swift */; };
		B4FF7C26273AD679001B0462 /* Gradient Button.swift in Sources */ = {isa = PBXBuildFile; fileRef = B4FF7C25273AD679001B0462 /* Gradient Button.swift */; };
		B4FF7C29273AE2F9001B0462 /* IQKeyboardManagerSwift in Frameworks */ = {isa = PBXBuildFile; productRef = B4FF7C28273AE2F9001B0462 /* IQKeyboardManagerSwift */; };
		B4FF7C4A273B284D001B0462 /* DashboardTabBarController.swift in Sources */ = {isa = PBXBuildFile; fileRef = B4FF7C49273B284D001B0462 /* DashboardTabBarController.swift */; };
		B4FF7C4F273B28C7001B0462 /* FinancesViewController.swift in Sources */ = {isa = PBXBuildFile; fileRef = B4FF7C4D273B28C7001B0462 /* FinancesViewController.swift */; };
		B4FF7C50273B28C7001B0462 /* FinancesViewController.xib in Resources */ = {isa = PBXBuildFile; fileRef = B4FF7C4E273B28C7001B0462 /* FinancesViewController.xib */; };
		B4FF7C57273B28F3001B0462 /* CardsViewController.swift in Sources */ = {isa = PBXBuildFile; fileRef = B4FF7C55273B28F3001B0462 /* CardsViewController.swift */; };
		B4FF7C58273B28F3001B0462 /* CardsViewController.xib in Resources */ = {isa = PBXBuildFile; fileRef = B4FF7C56273B28F3001B0462 /* CardsViewController.xib */; };
		B4FF7C5B273B2916001B0462 /* SettingsViewController.swift in Sources */ = {isa = PBXBuildFile; fileRef = B4FF7C59273B2916001B0462 /* SettingsViewController.swift */; };
		B4FF7C5C273B2916001B0462 /* SettingsViewController.xib in Resources */ = {isa = PBXBuildFile; fileRef = B4FF7C5A273B2916001B0462 /* SettingsViewController.xib */; };
		B4FF7C5F273B2923001B0462 /* SupportViewController.swift in Sources */ = {isa = PBXBuildFile; fileRef = B4FF7C5D273B2923001B0462 /* SupportViewController.swift */; };
		B4FF7C60273B2923001B0462 /* SupportViewController.xib in Resources */ = {isa = PBXBuildFile; fileRef = B4FF7C5E273B2923001B0462 /* SupportViewController.xib */; };
		B4FF7C65273BCF8A001B0462 /* HomeViewController.swift in Sources */ = {isa = PBXBuildFile; fileRef = B4FF7C63273BCF8A001B0462 /* HomeViewController.swift */; };
		B4FF7C66273BCF8A001B0462 /* HomeViewController.xib in Resources */ = {isa = PBXBuildFile; fileRef = B4FF7C64273BCF8A001B0462 /* HomeViewController.xib */; };
		B4FF7C68273BDD75001B0462 /* ImageCollectionViewCell.swift in Sources */ = {isa = PBXBuildFile; fileRef = B4FF7C67273BDD75001B0462 /* ImageCollectionViewCell.swift */; };
		B4FF7C6A273BE3C2001B0462 /* Constants.swift in Sources */ = {isa = PBXBuildFile; fileRef = B4FF7C69273BE3C2001B0462 /* Constants.swift */; };
		B4FF7C6D273BF99A001B0462 /* SettingsOptions.swift in Sources */ = {isa = PBXBuildFile; fileRef = B4FF7C6C273BF999001B0462 /* SettingsOptions.swift */; };
		B4FF7C70273BFA28001B0462 /* SettingsViewModel.swift in Sources */ = {isa = PBXBuildFile; fileRef = B4FF7C6F273BFA28001B0462 /* SettingsViewModel.swift */; };
		B4FF7C89273C4E58001B0462 /* SystemViewController.swift in Sources */ = {isa = PBXBuildFile; fileRef = B4FF7C87273C4E58001B0462 /* SystemViewController.swift */; };
		B4FF7C8A273C4E58001B0462 /* SystemViewController.xib in Resources */ = {isa = PBXBuildFile; fileRef = B4FF7C88273C4E58001B0462 /* SystemViewController.xib */; };
		B4FF7C8D273C4E76001B0462 /* LegalViewController.swift in Sources */ = {isa = PBXBuildFile; fileRef = B4FF7C8B273C4E76001B0462 /* LegalViewController.swift */; };
		B4FF7C8E273C4E76001B0462 /* LegalViewController.xib in Resources */ = {isa = PBXBuildFile; fileRef = B4FF7C8C273C4E76001B0462 /* LegalViewController.xib */; };
		C28A10F4EACDCD0FDD145BE5 /* Pods_MintynApp_MintynAppUITests.framework in Frameworks */ = {isa = PBXBuildFile; fileRef = 92F39D59EB60D9824D2535F3 /* Pods_MintynApp_MintynAppUITests.framework */; };
/* End PBXBuildFile section */

/* Begin PBXContainerItemProxy section */
		B4FF7BF5273ACD00001B0462 /* PBXContainerItemProxy */ = {
			isa = PBXContainerItemProxy;
			containerPortal = B4FF7BD6273ACCFD001B0462 /* Project object */;
			proxyType = 1;
			remoteGlobalIDString = B4FF7BDD273ACCFD001B0462;
			remoteInfo = MintynApp;
		};
		B4FF7BFF273ACD00001B0462 /* PBXContainerItemProxy */ = {
			isa = PBXContainerItemProxy;
			containerPortal = B4FF7BD6273ACCFD001B0462 /* Project object */;
			proxyType = 1;
			remoteGlobalIDString = B4FF7BDD273ACCFD001B0462;
			remoteInfo = MintynApp;
		};
/* End PBXContainerItemProxy section */

/* Begin PBXFileReference section */
		3EF17F69B29AF6369FF7B97A /* Pods_MintynAppTests.framework */ = {isa = PBXFileReference; explicitFileType = wrapper.framework; includeInIndex = 0; path = Pods_MintynAppTests.framework; sourceTree = BUILT_PRODUCTS_DIR; };
		5191A746F2C1F89E5481D99E /* Pods-MintynAppTests.release.xcconfig */ = {isa = PBXFileReference; includeInIndex = 1; lastKnownFileType = text.xcconfig; name = "Pods-MintynAppTests.release.xcconfig"; path = "Target Support Files/Pods-MintynAppTests/Pods-MintynAppTests.release.xcconfig"; sourceTree = "<group>"; };
		699A66E8FA6275AAFE83CE99 /* Pods-MintynApp-MintynAppUITests.debug.xcconfig */ = {isa = PBXFileReference; includeInIndex = 1; lastKnownFileType = text.xcconfig; name = "Pods-MintynApp-MintynAppUITests.debug.xcconfig"; path = "Target Support Files/Pods-MintynApp-MintynAppUITests/Pods-MintynApp-MintynAppUITests.debug.xcconfig"; sourceTree = "<group>"; };
		886AEE5CEF1EB0CB53AA1EA4 /* Pods-MintynApp.debug.xcconfig */ = {isa = PBXFileReference; includeInIndex = 1; lastKnownFileType = text.xcconfig; name = "Pods-MintynApp.debug.xcconfig"; path = "Target Support Files/Pods-MintynApp/Pods-MintynApp.debug.xcconfig"; sourceTree = "<group>"; };
		918DECD38BE8EC7D3D065B30 /* Pods_MintynApp.framework */ = {isa = PBXFileReference; explicitFileType = wrapper.framework; includeInIndex = 0; path = Pods_MintynApp.framework; sourceTree = BUILT_PRODUCTS_DIR; };
		92F39D59EB60D9824D2535F3 /* Pods_MintynApp_MintynAppUITests.framework */ = {isa = PBXFileReference; explicitFileType = wrapper.framework; includeInIndex = 0; path = Pods_MintynApp_MintynAppUITests.framework; sourceTree = BUILT_PRODUCTS_DIR; };
		9F17F9C78AB831E1AEEF667E /* Pods-MintynAppTests.debug.xcconfig */ = {isa = PBXFileReference; includeInIndex = 1; lastKnownFileType = text.xcconfig; name = "Pods-MintynAppTests.debug.xcconfig"; path = "Target Support Files/Pods-MintynAppTests/Pods-MintynAppTests.debug.xcconfig"; sourceTree = "<group>"; };
		A6A81AF702291F138240754C /* Pods-MintynApp-MintynAppUITests.release.xcconfig */ = {isa = PBXFileReference; includeInIndex = 1; lastKnownFileType = text.xcconfig; name = "Pods-MintynApp-MintynAppUITests.release.xcconfig"; path = "Target Support Files/Pods-MintynApp-MintynAppUITests/Pods-MintynApp-MintynAppUITests.release.xcconfig"; sourceTree = "<group>"; };
		B4FF7BDE273ACCFD001B0462 /* MintynApp.app */ = {isa = PBXFileReference; explicitFileType = wrapper.application; includeInIndex = 0; path = MintynApp.app; sourceTree = BUILT_PRODUCTS_DIR; };
		B4FF7BE1273ACCFD001B0462 /* AppDelegate.swift */ = {isa = PBXFileReference; lastKnownFileType = sourcecode.swift; path = AppDelegate.swift; sourceTree = "<group>"; };
		B4FF7BE3273ACCFD001B0462 /* SceneDelegate.swift */ = {isa = PBXFileReference; lastKnownFileType = sourcecode.swift; path = SceneDelegate.swift; sourceTree = "<group>"; };
		B4FF7BEA273ACCFF001B0462 /* Assets.xcassets */ = {isa = PBXFileReference; lastKnownFileType = folder.assetcatalog; path = Assets.xcassets; sourceTree = "<group>"; };
		B4FF7BED273ACCFF001B0462 /* Base */ = {isa = PBXFileReference; lastKnownFileType = file.storyboard; name = Base; path = Base.lproj/LaunchScreen.storyboard; sourceTree = "<group>"; };
		B4FF7BEF273ACCFF001B0462 /* Info.plist */ = {isa = PBXFileReference; lastKnownFileType = text.plist.xml; path = Info.plist; sourceTree = "<group>"; };
		B4FF7BF4273ACD00001B0462 /* MintynAppTests.xctest */ = {isa = PBXFileReference; explicitFileType = wrapper.cfbundle; includeInIndex = 0; path = MintynAppTests.xctest; sourceTree = BUILT_PRODUCTS_DIR; };
		B4FF7BF8273ACD00001B0462 /* MintynAppTests.swift */ = {isa = PBXFileReference; lastKnownFileType = sourcecode.swift; path = MintynAppTests.swift; sourceTree = "<group>"; };
		B4FF7BFE273ACD00001B0462 /* MintynAppUITests.xctest */ = {isa = PBXFileReference; explicitFileType = wrapper.cfbundle; includeInIndex = 0; path = MintynAppUITests.xctest; sourceTree = BUILT_PRODUCTS_DIR; };
		B4FF7C02273ACD00001B0462 /* MintynAppUITests.swift */ = {isa = PBXFileReference; lastKnownFileType = sourcecode.swift; path = MintynAppUITests.swift; sourceTree = "<group>"; };
		B4FF7C04273ACD00001B0462 /* MintynAppUITestsLaunchTests.swift */ = {isa = PBXFileReference; lastKnownFileType = sourcecode.swift; path = MintynAppUITestsLaunchTests.swift; sourceTree = "<group>"; };
		B4FF7C1C273AD4B7001B0462 /* LoginViewController.swift */ = {isa = PBXFileReference; lastKnownFileType = sourcecode.swift; path = LoginViewController.swift; sourceTree = "<group>"; };
		B4FF7C1D273AD4B7001B0462 /* LoginViewController.xib */ = {isa = PBXFileReference; lastKnownFileType = file.xib; path = LoginViewController.xib; sourceTree = "<group>"; };
		B4FF7C21273AD532001B0462 /* UIViewController+Extension.swift */ = {isa = PBXFileReference; lastKnownFileType = sourcecode.swift; path = "UIViewController+Extension.swift"; sourceTree = "<group>"; };
		B4FF7C23273AD595001B0462 /* UIView+Extension.swift */ = {isa = PBXFileReference; lastKnownFileType = sourcecode.swift; path = "UIView+Extension.swift"; sourceTree = "<group>"; };
		B4FF7C25273AD679001B0462 /* Gradient Button.swift */ = {isa = PBXFileReference; lastKnownFileType = sourcecode.swift; path = "Gradient Button.swift"; sourceTree = "<group>"; };
		B4FF7C49273B284D001B0462 /* DashboardTabBarController.swift */ = {isa = PBXFileReference; lastKnownFileType = sourcecode.swift; path = DashboardTabBarController.swift; sourceTree = "<group>"; };
		B4FF7C4D273B28C7001B0462 /* FinancesViewController.swift */ = {isa = PBXFileReference; lastKnownFileType = sourcecode.swift; path = FinancesViewController.swift; sourceTree = "<group>"; };
		B4FF7C4E273B28C7001B0462 /* FinancesViewController.xib */ = {isa = PBXFileReference; lastKnownFileType = file.xib; path = FinancesViewController.xib; sourceTree = "<group>"; };
		B4FF7C55273B28F3001B0462 /* CardsViewController.swift */ = {isa = PBXFileReference; lastKnownFileType = sourcecode.swift; path = CardsViewController.swift; sourceTree = "<group>"; };
		B4FF7C56273B28F3001B0462 /* CardsViewController.xib */ = {isa = PBXFileReference; lastKnownFileType = file.xib; path = CardsViewController.xib; sourceTree = "<group>"; };
		B4FF7C59273B2916001B0462 /* SettingsViewController.swift */ = {isa = PBXFileReference; lastKnownFileType = sourcecode.swift; path = SettingsViewController.swift; sourceTree = "<group>"; };
		B4FF7C5A273B2916001B0462 /* SettingsViewController.xib */ = {isa = PBXFileReference; lastKnownFileType = file.xib; path = SettingsViewController.xib; sourceTree = "<group>"; };
		B4FF7C5D273B2923001B0462 /* SupportViewController.swift */ = {isa = PBXFileReference; lastKnownFileType = sourcecode.swift; path = SupportViewController.swift; sourceTree = "<group>"; };
		B4FF7C5E273B2923001B0462 /* SupportViewController.xib */ = {isa = PBXFileReference; lastKnownFileType = file.xib; path = SupportViewController.xib; sourceTree = "<group>"; };
		B4FF7C63273BCF8A001B0462 /* HomeViewController.swift */ = {isa = PBXFileReference; lastKnownFileType = sourcecode.swift; path = HomeViewController.swift; sourceTree = "<group>"; };
		B4FF7C64273BCF8A001B0462 /* HomeViewController.xib */ = {isa = PBXFileReference; lastKnownFileType = file.xib; path = HomeViewController.xib; sourceTree = "<group>"; };
		B4FF7C67273BDD75001B0462 /* ImageCollectionViewCell.swift */ = {isa = PBXFileReference; lastKnownFileType = sourcecode.swift; path = ImageCollectionViewCell.swift; sourceTree = "<group>"; };
		B4FF7C69273BE3C2001B0462 /* Constants.swift */ = {isa = PBXFileReference; lastKnownFileType = sourcecode.swift; path = Constants.swift; sourceTree = "<group>"; };
		B4FF7C6C273BF999001B0462 /* SettingsOptions.swift */ = {isa = PBXFileReference; lastKnownFileType = sourcecode.swift; path = SettingsOptions.swift; sourceTree = "<group>"; };
		B4FF7C6F273BFA28001B0462 /* SettingsViewModel.swift */ = {isa = PBXFileReference; lastKnownFileType = sourcecode.swift; path = SettingsViewModel.swift; sourceTree = "<group>"; };
		B4FF7C87273C4E58001B0462 /* SystemViewController.swift */ = {isa = PBXFileReference; lastKnownFileType = sourcecode.swift; path = SystemViewController.swift; sourceTree = "<group>"; };
		B4FF7C88273C4E58001B0462 /* SystemViewController.xib */ = {isa = PBXFileReference; lastKnownFileType = file.xib; path = SystemViewController.xib; sourceTree = "<group>"; };
		B4FF7C8B273C4E76001B0462 /* LegalViewController.swift */ = {isa = PBXFileReference; lastKnownFileType = sourcecode.swift; path = LegalViewController.swift; sourceTree = "<group>"; };
		B4FF7C8C273C4E76001B0462 /* LegalViewController.xib */ = {isa = PBXFileReference; lastKnownFileType = file.xib; path = LegalViewController.xib; sourceTree = "<group>"; };
		DF764332DEE76C58DABA06E2 /* Pods-MintynApp.release.xcconfig */ = {isa = PBXFileReference; includeInIndex = 1; lastKnownFileType = text.xcconfig; name = "Pods-MintynApp.release.xcconfig"; path = "Target Support Files/Pods-MintynApp/Pods-MintynApp.release.xcconfig"; sourceTree = "<group>"; };
/* End PBXFileReference section */

/* Begin PBXFrameworksBuildPhase section */
		B4FF7BDB273ACCFD001B0462 /* Frameworks */ = {
			isa = PBXFrameworksBuildPhase;
			buildActionMask = 2147483647;
			files = (
				B4FF7C29273AE2F9001B0462 /* IQKeyboardManagerSwift in Frameworks */,
				8EA2A3081E15082B71E6E470 /* Pods_MintynApp.framework in Frameworks */,
			);
			runOnlyForDeploymentPostprocessing = 0;
		};
		B4FF7BF1273ACD00001B0462 /* Frameworks */ = {
			isa = PBXFrameworksBuildPhase;
			buildActionMask = 2147483647;
			files = (
				97D55B8A51AEF95542D20A3F /* Pods_MintynAppTests.framework in Frameworks */,
			);
			runOnlyForDeploymentPostprocessing = 0;
		};
		B4FF7BFB273ACD00001B0462 /* Frameworks */ = {
			isa = PBXFrameworksBuildPhase;
			buildActionMask = 2147483647;
			files = (
				C28A10F4EACDCD0FDD145BE5 /* Pods_MintynApp_MintynAppUITests.framework in Frameworks */,
			);
			runOnlyForDeploymentPostprocessing = 0;
		};
/* End PBXFrameworksBuildPhase section */

/* Begin PBXGroup section */
		1DDE77887B65475442FA4F3B /* Frameworks */ = {
			isa = PBXGroup;
			children = (
				918DECD38BE8EC7D3D065B30 /* Pods_MintynApp.framework */,
				92F39D59EB60D9824D2535F3 /* Pods_MintynApp_MintynAppUITests.framework */,
				3EF17F69B29AF6369FF7B97A /* Pods_MintynAppTests.framework */,
			);
			name = Frameworks;
			sourceTree = "<group>";
		};
		B4FF7BD5273ACCFD001B0462 = {
			isa = PBXGroup;
			children = (
				B4FF7BE0273ACCFD001B0462 /* MintynApp */,
				B4FF7BF7273ACD00001B0462 /* MintynAppTests */,
				B4FF7C01273ACD00001B0462 /* MintynAppUITests */,
				B4FF7BDF273ACCFD001B0462 /* Products */,
				E90F8E7F0E369BF3C3B0AE28 /* Pods */,
				1DDE77887B65475442FA4F3B /* Frameworks */,
			);
			sourceTree = "<group>";
		};
		B4FF7BDF273ACCFD001B0462 /* Products */ = {
			isa = PBXGroup;
			children = (
				B4FF7BDE273ACCFD001B0462 /* MintynApp.app */,
				B4FF7BF4273ACD00001B0462 /* MintynAppTests.xctest */,
				B4FF7BFE273ACD00001B0462 /* MintynAppUITests.xctest */,
			);
			name = Products;
			sourceTree = "<group>";
		};
		B4FF7BE0273ACCFD001B0462 /* MintynApp */ = {
			isa = PBXGroup;
			children = (
				B4FF7C12273ACD23001B0462 /* App+Scene Delegate */,
				B4FF7C6B273BF981001B0462 /* Models */,
				B4FF7C6E273BFA15001B0462 /* ViewModels */,
				B4FF7C13273ACD37001B0462 /* LaunchScreen */,
				B4FF7C15273AD1E1001B0462 /* Login */,
				B4FF7C47273B2830001B0462 /* Dashboard */,
				B4FF7C3B273B1C36001B0462 /* Home */,
				B4FF7C42273B2119001B0462 /* Finances */,
				B4FF7C43273B2121001B0462 /* Cards */,
				B4FF7C44273B212E001B0462 /* Settings */,
				B4FF7C45273B2138001B0462 /* Support */,
				B4FF7C84273C4E13001B0462 /* Legal */,
				B4FF7C86273C4E26001B0462 /* System */,
				B4FF7C20273AD519001B0462 /* Helpers and Extensions */,
				B4FF7C14273ACDD3001B0462 /* Resources */,
			);
			path = MintynApp;
			sourceTree = "<group>";
		};
		B4FF7BF7273ACD00001B0462 /* MintynAppTests */ = {
			isa = PBXGroup;
			children = (
				B4FF7BF8273ACD00001B0462 /* MintynAppTests.swift */,
			);
			path = MintynAppTests;
			sourceTree = "<group>";
		};
		B4FF7C01273ACD00001B0462 /* MintynAppUITests */ = {
			isa = PBXGroup;
			children = (
				B4FF7C02273ACD00001B0462 /* MintynAppUITests.swift */,
				B4FF7C04273ACD00001B0462 /* MintynAppUITestsLaunchTests.swift */,
			);
			path = MintynAppUITests;
			sourceTree = "<group>";
		};
		B4FF7C12273ACD23001B0462 /* App+Scene Delegate */ = {
			isa = PBXGroup;
			children = (
				B4FF7BE1273ACCFD001B0462 /* AppDelegate.swift */,
				B4FF7BE3273ACCFD001B0462 /* SceneDelegate.swift */,
			);
			path = "App+Scene Delegate";
			sourceTree = "<group>";
		};
		B4FF7C13273ACD37001B0462 /* LaunchScreen */ = {
			isa = PBXGroup;
			children = (
				B4FF7BEC273ACCFF001B0462 /* LaunchScreen.storyboard */,
			);
			path = LaunchScreen;
			sourceTree = "<group>";
		};
		B4FF7C14273ACDD3001B0462 /* Resources */ = {
			isa = PBXGroup;
			children = (
				B4FF7BEA273ACCFF001B0462 /* Assets.xcassets */,
				B4FF7BEF273ACCFF001B0462 /* Info.plist */,
			);
			path = Resources;
			sourceTree = "<group>";
		};
		B4FF7C15273AD1E1001B0462 /* Login */ = {
			isa = PBXGroup;
			children = (
				B4FF7C1C273AD4B7001B0462 /* LoginViewController.swift */,
				B4FF7C1D273AD4B7001B0462 /* LoginViewController.xib */,
			);
			path = Login;
			sourceTree = "<group>";
		};
		B4FF7C20273AD519001B0462 /* Helpers and Extensions */ = {
			isa = PBXGroup;
			children = (
				B4FF7C21273AD532001B0462 /* UIViewController+Extension.swift */,
				B4FF7C23273AD595001B0462 /* UIView+Extension.swift */,
				B4FF7C25273AD679001B0462 /* Gradient Button.swift */,
				B4FF7C69273BE3C2001B0462 /* Constants.swift */,
			);
			path = "Helpers and Extensions";
			sourceTree = "<group>";
		};
		B4FF7C3B273B1C36001B0462 /* Home */ = {
			isa = PBXGroup;
			children = (
				B4FF7C63273BCF8A001B0462 /* HomeViewController.swift */,
				B4FF7C67273BDD75001B0462 /* ImageCollectionViewCell.swift */,
				B4FF7C64273BCF8A001B0462 /* HomeViewController.xib */,
			);
			path = Home;
			sourceTree = "<group>";
		};
		B4FF7C42273B2119001B0462 /* Finances */ = {
			isa = PBXGroup;
			children = (
				B4FF7C4D273B28C7001B0462 /* FinancesViewController.swift */,
				B4FF7C4E273B28C7001B0462 /* FinancesViewController.xib */,
			);
			path = Finances;
			sourceTree = "<group>";
		};
		B4FF7C43273B2121001B0462 /* Cards */ = {
			isa = PBXGroup;
			children = (
				B4FF7C55273B28F3001B0462 /* CardsViewController.swift */,
				B4FF7C56273B28F3001B0462 /* CardsViewController.xib */,
			);
			path = Cards;
			sourceTree = "<group>";
		};
		B4FF7C44273B212E001B0462 /* Settings */ = {
			isa = PBXGroup;
			children = (
				B4FF7C59273B2916001B0462 /* SettingsViewController.swift */,
				B4FF7C5A273B2916001B0462 /* SettingsViewController.xib */,
			);
			path = Settings;
			sourceTree = "<group>";
		};
		B4FF7C45273B2138001B0462 /* Support */ = {
			isa = PBXGroup;
			children = (
				B4FF7C5D273B2923001B0462 /* SupportViewController.swift */,
				B4FF7C5E273B2923001B0462 /* SupportViewController.xib */,
			);
			path = Support;
			sourceTree = "<group>";
		};
		B4FF7C47273B2830001B0462 /* Dashboard */ = {
			isa = PBXGroup;
			children = (
				B4FF7C49273B284D001B0462 /* DashboardTabBarController.swift */,
			);
			path = Dashboard;
			sourceTree = "<group>";
		};
		B4FF7C6B273BF981001B0462 /* Models */ = {
			isa = PBXGroup;
			children = (
				B4FF7C6C273BF999001B0462 /* SettingsOptions.swift */,
			);
			path = Models;
			sourceTree = "<group>";
		};
		B4FF7C6E273BFA15001B0462 /* ViewModels */ = {
			isa = PBXGroup;
			children = (
				B4FF7C6F273BFA28001B0462 /* SettingsViewModel.swift */,
			);
			path = ViewModels;
			sourceTree = "<group>";
		};
		B4FF7C84273C4E13001B0462 /* Legal */ = {
			isa = PBXGroup;
			children = (
				B4FF7C8B273C4E76001B0462 /* LegalViewController.swift */,
				B4FF7C8C273C4E76001B0462 /* LegalViewController.xib */,
			);
			path = Legal;
			sourceTree = "<group>";
		};
		B4FF7C86273C4E26001B0462 /* System */ = {
			isa = PBXGroup;
			children = (
				B4FF7C87273C4E58001B0462 /* SystemViewController.swift */,
				B4FF7C88273C4E58001B0462 /* SystemViewController.xib */,
			);
			path = System;
			sourceTree = "<group>";
		};
		E90F8E7F0E369BF3C3B0AE28 /* Pods */ = {
			isa = PBXGroup;
			children = (
				886AEE5CEF1EB0CB53AA1EA4 /* Pods-MintynApp.debug.xcconfig */,
				DF764332DEE76C58DABA06E2 /* Pods-MintynApp.release.xcconfig */,
				699A66E8FA6275AAFE83CE99 /* Pods-MintynApp-MintynAppUITests.debug.xcconfig */,
				A6A81AF702291F138240754C /* Pods-MintynApp-MintynAppUITests.release.xcconfig */,
				9F17F9C78AB831E1AEEF667E /* Pods-MintynAppTests.debug.xcconfig */,
				5191A746F2C1F89E5481D99E /* Pods-MintynAppTests.release.xcconfig */,
			);
			path = Pods;
			sourceTree = "<group>";
		};
/* End PBXGroup section */

/* Begin PBXNativeTarget section */
		B4FF7BDD273ACCFD001B0462 /* MintynApp */ = {
			isa = PBXNativeTarget;
			buildConfigurationList = B4FF7C08273ACD00001B0462 /* Build configuration list for PBXNativeTarget "MintynApp" */;
			buildPhases = (
				D8C74BF0A42753384783A3E0 /* [CP] Check Pods Manifest.lock */,
				B4FF7BDA273ACCFD001B0462 /* Sources */,
				B4FF7BDB273ACCFD001B0462 /* Frameworks */,
				B4FF7BDC273ACCFD001B0462 /* Resources */,
				3F54EE1AF0AFB3D038B8BE65 /* [CP] Embed Pods Frameworks */,
			);
			buildRules = (
			);
			dependencies = (
			);
			name = MintynApp;
			packageProductDependencies = (
				B4FF7C28273AE2F9001B0462 /* IQKeyboardManagerSwift */,
			);
			productName = MintynApp;
			productReference = B4FF7BDE273ACCFD001B0462 /* MintynApp.app */;
			productType = "com.apple.product-type.application";
		};
		B4FF7BF3273ACD00001B0462 /* MintynAppTests */ = {
			isa = PBXNativeTarget;
			buildConfigurationList = B4FF7C0B273ACD00001B0462 /* Build configuration list for PBXNativeTarget "MintynAppTests" */;
			buildPhases = (
				35D9D4ABCB19F110CC4E7600 /* [CP] Check Pods Manifest.lock */,
				B4FF7BF0273ACD00001B0462 /* Sources */,
				B4FF7BF1273ACD00001B0462 /* Frameworks */,
				B4FF7BF2273ACD00001B0462 /* Resources */,
			);
			buildRules = (
			);
			dependencies = (
				B4FF7BF6273ACD00001B0462 /* PBXTargetDependency */,
			);
			name = MintynAppTests;
			productName = MintynAppTests;
			productReference = B4FF7BF4273ACD00001B0462 /* MintynAppTests.xctest */;
			productType = "com.apple.product-type.bundle.unit-test";
		};
		B4FF7BFD273ACD00001B0462 /* MintynAppUITests */ = {
			isa = PBXNativeTarget;
			buildConfigurationList = B4FF7C0E273ACD00001B0462 /* Build configuration list for PBXNativeTarget "MintynAppUITests" */;
			buildPhases = (
				D2E02CF3DAD4CE6A870496CD /* [CP] Check Pods Manifest.lock */,
				B4FF7BFA273ACD00001B0462 /* Sources */,
				B4FF7BFB273ACD00001B0462 /* Frameworks */,
				B4FF7BFC273ACD00001B0462 /* Resources */,
				AA41515F77BCF3169A3BAA33 /* [CP] Embed Pods Frameworks */,
			);
			buildRules = (
			);
			dependencies = (
				B4FF7C00273ACD00001B0462 /* PBXTargetDependency */,
			);
			name = MintynAppUITests;
			productName = MintynAppUITests;
			productReference = B4FF7BFE273ACD00001B0462 /* MintynAppUITests.xctest */;
			productType = "com.apple.product-type.bundle.ui-testing";
		};
/* End PBXNativeTarget section */

/* Begin PBXProject section */
		B4FF7BD6273ACCFD001B0462 /* Project object */ = {
			isa = PBXProject;
			attributes = {
				BuildIndependentTargetsInParallel = 1;
				LastSwiftUpdateCheck = 1310;
				LastUpgradeCheck = 1310;
				TargetAttributes = {
					B4FF7BDD273ACCFD001B0462 = {
						CreatedOnToolsVersion = 13.1;
					};
					B4FF7BF3273ACD00001B0462 = {
						CreatedOnToolsVersion = 13.1;
						TestTargetID = B4FF7BDD273ACCFD001B0462;
					};
					B4FF7BFD273ACD00001B0462 = {
						CreatedOnToolsVersion = 13.1;
						TestTargetID = B4FF7BDD273ACCFD001B0462;
					};
				};
			};
			buildConfigurationList = B4FF7BD9273ACCFD001B0462 /* Build configuration list for PBXProject "MintynApp" */;
			compatibilityVersion = "Xcode 9.3";
			developmentRegion = en;
			hasScannedForEncodings = 0;
			knownRegions = (
				en,
				Base,
			);
			mainGroup = B4FF7BD5273ACCFD001B0462;
			packageReferences = (
				B4FF7C27273AE2F9001B0462 /* XCRemoteSwiftPackageReference "IQKeyboardManager" */,
			);
			productRefGroup = B4FF7BDF273ACCFD001B0462 /* Products */;
			projectDirPath = "";
			projectRoot = "";
			targets = (
				B4FF7BDD273ACCFD001B0462 /* MintynApp */,
				B4FF7BF3273ACD00001B0462 /* MintynAppTests */,
				B4FF7BFD273ACD00001B0462 /* MintynAppUITests */,
			);
		};
/* End PBXProject section */

/* Begin PBXResourcesBuildPhase section */
		B4FF7BDC273ACCFD001B0462 /* Resources */ = {
			isa = PBXResourcesBuildPhase;
			buildActionMask = 2147483647;
			files = (
				B4FF7BEE273ACCFF001B0462 /* LaunchScreen.storyboard in Resources */,
				B4FF7BEB273ACCFF001B0462 /* Assets.xcassets in Resources */,
				B4FF7C1F273AD4B7001B0462 /* LoginViewController.xib in Resources */,
				B4FF7C8A273C4E58001B0462 /* SystemViewController.xib in Resources */,
				B4FF7C8E273C4E76001B0462 /* LegalViewController.xib in Resources */,
				B4FF7C58273B28F3001B0462 /* CardsViewController.xib in Resources */,
				B4FF7C5C273B2916001B0462 /* SettingsViewController.xib in Resources */,
				B4FF7C60273B2923001B0462 /* SupportViewController.xib in Resources */,
				B4FF7C50273B28C7001B0462 /* FinancesViewController.xib in Resources */,
				B4FF7C66273BCF8A001B0462 /* HomeViewController.xib in Resources */,
			);
			runOnlyForDeploymentPostprocessing = 0;
		};
		B4FF7BF2273ACD00001B0462 /* Resources */ = {
			isa = PBXResourcesBuildPhase;
			buildActionMask = 2147483647;
			files = (
			);
			runOnlyForDeploymentPostprocessing = 0;
		};
		B4FF7BFC273ACD00001B0462 /* Resources */ = {
			isa = PBXResourcesBuildPhase;
			buildActionMask = 2147483647;
			files = (
			);
			runOnlyForDeploymentPostprocessing = 0;
		};
/* End PBXResourcesBuildPhase section */

/* Begin PBXShellScriptBuildPhase section */
		35D9D4ABCB19F110CC4E7600 /* [CP] Check Pods Manifest.lock */ = {
			isa = PBXShellScriptBuildPhase;
			buildActionMask = 2147483647;
			files = (
			);
			inputFileListPaths = (
			);
			inputPaths = (
				"${PODS_PODFILE_DIR_PATH}/Podfile.lock",
				"${PODS_ROOT}/Manifest.lock",
			);
			name = "[CP] Check Pods Manifest.lock";
			outputFileListPaths = (
			);
			outputPaths = (
				"$(DERIVED_FILE_DIR)/Pods-MintynAppTests-checkManifestLockResult.txt",
			);
			runOnlyForDeploymentPostprocessing = 0;
			shellPath = /bin/sh;
			shellScript = "diff \"${PODS_PODFILE_DIR_PATH}/Podfile.lock\" \"${PODS_ROOT}/Manifest.lock\" > /dev/null\nif [ $? != 0 ] ; then\n    # print error to STDERR\n    echo \"error: The sandbox is not in sync with the Podfile.lock. Run 'pod install' or update your CocoaPods installation.\" >&2\n    exit 1\nfi\n# This output is used by Xcode 'outputs' to avoid re-running this script phase.\necho \"SUCCESS\" > \"${SCRIPT_OUTPUT_FILE_0}\"\n";
			showEnvVarsInLog = 0;
		};
		3F54EE1AF0AFB3D038B8BE65 /* [CP] Embed Pods Frameworks */ = {
			isa = PBXShellScriptBuildPhase;
			buildActionMask = 2147483647;
			files = (
			);
			inputFileListPaths = (
				"${PODS_ROOT}/Target Support Files/Pods-MintynApp/Pods-MintynApp-frameworks-${CONFIGURATION}-input-files.xcfilelist",
			);
			name = "[CP] Embed Pods Frameworks";
			outputFileListPaths = (
				"${PODS_ROOT}/Target Support Files/Pods-MintynApp/Pods-MintynApp-frameworks-${CONFIGURATION}-output-files.xcfilelist",
			);
			runOnlyForDeploymentPostprocessing = 0;
			shellPath = /bin/sh;
			shellScript = "\"${PODS_ROOT}/Target Support Files/Pods-MintynApp/Pods-MintynApp-frameworks.sh\"\n";
			showEnvVarsInLog = 0;
		};
		AA41515F77BCF3169A3BAA33 /* [CP] Embed Pods Frameworks */ = {
			isa = PBXShellScriptBuildPhase;
			buildActionMask = 2147483647;
			files = (
			);
			inputFileListPaths = (
				"${PODS_ROOT}/Target Support Files/Pods-MintynApp-MintynAppUITests/Pods-MintynApp-MintynAppUITests-frameworks-${CONFIGURATION}-input-files.xcfilelist",
			);
			name = "[CP] Embed Pods Frameworks";
			outputFileListPaths = (
				"${PODS_ROOT}/Target Support Files/Pods-MintynApp-MintynAppUITests/Pods-MintynApp-MintynAppUITests-frameworks-${CONFIGURATION}-output-files.xcfilelist",
			);
			runOnlyForDeploymentPostprocessing = 0;
			shellPath = /bin/sh;
			shellScript = "\"${PODS_ROOT}/Target Support Files/Pods-MintynApp-MintynAppUITests/Pods-MintynApp-MintynAppUITests-frameworks.sh\"\n";
			showEnvVarsInLog = 0;
		};
		D2E02CF3DAD4CE6A870496CD /* [CP] Check Pods Manifest.lock */ = {
			isa = PBXShellScriptBuildPhase;
			buildActionMask = 2147483647;
			files = (
			);
			inputFileListPaths = (
			);
			inputPaths = (
				"${PODS_PODFILE_DIR_PATH}/Podfile.lock",
				"${PODS_ROOT}/Manifest.lock",
			);
			name = "[CP] Check Pods Manifest.lock";
			outputFileListPaths = (
			);
			outputPaths = (
				"$(DERIVED_FILE_DIR)/Pods-MintynApp-MintynAppUITests-checkManifestLockResult.txt",
			);
			runOnlyForDeploymentPostprocessing = 0;
			shellPath = /bin/sh;
			shellScript = "diff \"${PODS_PODFILE_DIR_PATH}/Podfile.lock\" \"${PODS_ROOT}/Manifest.lock\" > /dev/null\nif [ $? != 0 ] ; then\n    # print error to STDERR\n    echo \"error: The sandbox is not in sync with the Podfile.lock. Run 'pod install' or update your CocoaPods installation.\" >&2\n    exit 1\nfi\n# This output is used by Xcode 'outputs' to avoid re-running this script phase.\necho \"SUCCESS\" > \"${SCRIPT_OUTPUT_FILE_0}\"\n";
			showEnvVarsInLog = 0;
		};
		D8C74BF0A42753384783A3E0 /* [CP] Check Pods Manifest.lock */ = {
			isa = PBXShellScriptBuildPhase;
			buildActionMask = 2147483647;
			files = (
			);
			inputFileListPaths = (
			);
			inputPaths = (
				"${PODS_PODFILE_DIR_PATH}/Podfile.lock",
				"${PODS_ROOT}/Manifest.lock",
			);
			name = "[CP] Check Pods Manifest.lock";
			outputFileListPaths = (
			);
			outputPaths = (
				"$(DERIVED_FILE_DIR)/Pods-MintynApp-checkManifestLockResult.txt",
			);
			runOnlyForDeploymentPostprocessing = 0;
			shellPath = /bin/sh;
			shellScript = "diff \"${PODS_PODFILE_DIR_PATH}/Podfile.lock\" \"${PODS_ROOT}/Manifest.lock\" > /dev/null\nif [ $? != 0 ] ; then\n    # print error to STDERR\n    echo \"error: The sandbox is not in sync with the Podfile.lock. Run 'pod install' or update your CocoaPods installation.\" >&2\n    exit 1\nfi\n# This output is used by Xcode 'outputs' to avoid re-running this script phase.\necho \"SUCCESS\" > \"${SCRIPT_OUTPUT_FILE_0}\"\n";
			showEnvVarsInLog = 0;
		};
/* End PBXShellScriptBuildPhase section */

/* Begin PBXSourcesBuildPhase section */
		B4FF7BDA273ACCFD001B0462 /* Sources */ = {
			isa = PBXSourcesBuildPhase;
			buildActionMask = 2147483647;
			files = (
				B4FF7C24273AD595001B0462 /* UIView+Extension.swift in Sources */,
				B4FF7C4A273B284D001B0462 /* DashboardTabBarController.swift in Sources */,
				B4FF7C5F273B2923001B0462 /* SupportViewController.swift in Sources */,
				B4FF7C1E273AD4B7001B0462 /* LoginViewController.swift in Sources */,
				B4FF7C6A273BE3C2001B0462 /* Constants.swift in Sources */,
				B4FF7C89273C4E58001B0462 /* SystemViewController.swift in Sources */,
				B4FF7C26273AD679001B0462 /* Gradient Button.swift in Sources */,
				B4FF7BE2273ACCFD001B0462 /* AppDelegate.swift in Sources */,
				B4FF7C70273BFA28001B0462 /* SettingsViewModel.swift in Sources */,
				B4FF7C4F273B28C7001B0462 /* FinancesViewController.swift in Sources */,
				B4FF7C8D273C4E76001B0462 /* LegalViewController.swift in Sources */,
				B4FF7C57273B28F3001B0462 /* CardsViewController.swift in Sources */,
				B4FF7C22273AD532001B0462 /* UIViewController+Extension.swift in Sources */,
				B4FF7C68273BDD75001B0462 /* ImageCollectionViewCell.swift in Sources */,
				B4FF7BE4273ACCFD001B0462 /* SceneDelegate.swift in Sources */,
				B4FF7C6D273BF99A001B0462 /* SettingsOptions.swift in Sources */,
				B4FF7C65273BCF8A001B0462 /* HomeViewController.swift in Sources */,
				B4FF7C5B273B2916001B0462 /* SettingsViewController.swift in Sources */,
			);
			runOnlyForDeploymentPostprocessing = 0;
		};
		B4FF7BF0273ACD00001B0462 /* Sources */ = {
			isa = PBXSourcesBuildPhase;
			buildActionMask = 2147483647;
			files = (
				B4FF7BF9273ACD00001B0462 /* MintynAppTests.swift in Sources */,
			);
			runOnlyForDeploymentPostprocessing = 0;
		};
		B4FF7BFA273ACD00001B0462 /* Sources */ = {
			isa = PBXSourcesBuildPhase;
			buildActionMask = 2147483647;
			files = (
				B4FF7C03273ACD00001B0462 /* MintynAppUITests.swift in Sources */,
				B4FF7C05273ACD00001B0462 /* MintynAppUITestsLaunchTests.swift in Sources */,
			);
			runOnlyForDeploymentPostprocessing = 0;
		};
/* End PBXSourcesBuildPhase section */

/* Begin PBXTargetDependency section */
		B4FF7BF6273ACD00001B0462 /* PBXTargetDependency */ = {
			isa = PBXTargetDependency;
			target = B4FF7BDD273ACCFD001B0462 /* MintynApp */;
			targetProxy = B4FF7BF5273ACD00001B0462 /* PBXContainerItemProxy */;
		};
		B4FF7C00273ACD00001B0462 /* PBXTargetDependency */ = {
			isa = PBXTargetDependency;
			target = B4FF7BDD273ACCFD001B0462 /* MintynApp */;
			targetProxy = B4FF7BFF273ACD00001B0462 /* PBXContainerItemProxy */;
		};
/* End PBXTargetDependency section */

/* Begin PBXVariantGroup section */
		B4FF7BEC273ACCFF001B0462 /* LaunchScreen.storyboard */ = {
			isa = PBXVariantGroup;
			children = (
				B4FF7BED273ACCFF001B0462 /* Base */,
			);
			name = LaunchScreen.storyboard;
			sourceTree = "<group>";
		};
/* End PBXVariantGroup section */

/* Begin XCBuildConfiguration section */
		B4FF7C06273ACD00001B0462 /* Debug */ = {
			isa = XCBuildConfiguration;
			buildSettings = {
				ALWAYS_SEARCH_USER_PATHS = NO;
				CLANG_ANALYZER_NONNULL = YES;
				CLANG_ANALYZER_NUMBER_OBJECT_CONVERSION = YES_AGGRESSIVE;
				CLANG_CXX_LANGUAGE_STANDARD = "gnu++17";
				CLANG_CXX_LIBRARY = "libc++";
				CLANG_ENABLE_MODULES = YES;
				CLANG_ENABLE_OBJC_ARC = YES;
				CLANG_ENABLE_OBJC_WEAK = YES;
				CLANG_WARN_BLOCK_CAPTURE_AUTORELEASING = YES;
				CLANG_WARN_BOOL_CONVERSION = YES;
				CLANG_WARN_COMMA = YES;
				CLANG_WARN_CONSTANT_CONVERSION = YES;
				CLANG_WARN_DEPRECATED_OBJC_IMPLEMENTATIONS = YES;
				CLANG_WARN_DIRECT_OBJC_ISA_USAGE = YES_ERROR;
				CLANG_WARN_DOCUMENTATION_COMMENTS = YES;
				CLANG_WARN_EMPTY_BODY = YES;
				CLANG_WARN_ENUM_CONVERSION = YES;
				CLANG_WARN_INFINITE_RECURSION = YES;
				CLANG_WARN_INT_CONVERSION = YES;
				CLANG_WARN_NON_LITERAL_NULL_CONVERSION = YES;
				CLANG_WARN_OBJC_IMPLICIT_RETAIN_SELF = YES;
				CLANG_WARN_OBJC_LITERAL_CONVERSION = YES;
				CLANG_WARN_OBJC_ROOT_CLASS = YES_ERROR;
				CLANG_WARN_QUOTED_INCLUDE_IN_FRAMEWORK_HEADER = YES;
				CLANG_WARN_RANGE_LOOP_ANALYSIS = YES;
				CLANG_WARN_STRICT_PROTOTYPES = YES;
				CLANG_WARN_SUSPICIOUS_MOVE = YES;
				CLANG_WARN_UNGUARDED_AVAILABILITY = YES_AGGRESSIVE;
				CLANG_WARN_UNREACHABLE_CODE = YES;
				CLANG_WARN__DUPLICATE_METHOD_MATCH = YES;
				COPY_PHASE_STRIP = NO;
				DEBUG_INFORMATION_FORMAT = dwarf;
				ENABLE_STRICT_OBJC_MSGSEND = YES;
				ENABLE_TESTABILITY = YES;
				GCC_C_LANGUAGE_STANDARD = gnu11;
				GCC_DYNAMIC_NO_PIC = NO;
				GCC_NO_COMMON_BLOCKS = YES;
				GCC_OPTIMIZATION_LEVEL = 0;
				GCC_PREPROCESSOR_DEFINITIONS = (
					"DEBUG=1",
					"$(inherited)",
				);
				GCC_WARN_64_TO_32_BIT_CONVERSION = YES;
				GCC_WARN_ABOUT_RETURN_TYPE = YES_ERROR;
				GCC_WARN_UNDECLARED_SELECTOR = YES;
				GCC_WARN_UNINITIALIZED_AUTOS = YES_AGGRESSIVE;
				GCC_WARN_UNUSED_FUNCTION = YES;
				GCC_WARN_UNUSED_VARIABLE = YES;
				IPHONEOS_DEPLOYMENT_TARGET = 15.0;
				MTL_ENABLE_DEBUG_INFO = INCLUDE_SOURCE;
				MTL_FAST_MATH = YES;
				ONLY_ACTIVE_ARCH = YES;
				SDKROOT = iphoneos;
				SWIFT_ACTIVE_COMPILATION_CONDITIONS = DEBUG;
				SWIFT_OPTIMIZATION_LEVEL = "-Onone";
			};
			name = Debug;
		};
		B4FF7C07273ACD00001B0462 /* Release */ = {
			isa = XCBuildConfiguration;
			buildSettings = {
				ALWAYS_SEARCH_USER_PATHS = NO;
				CLANG_ANALYZER_NONNULL = YES;
				CLANG_ANALYZER_NUMBER_OBJECT_CONVERSION = YES_AGGRESSIVE;
				CLANG_CXX_LANGUAGE_STANDARD = "gnu++17";
				CLANG_CXX_LIBRARY = "libc++";
				CLANG_ENABLE_MODULES = YES;
				CLANG_ENABLE_OBJC_ARC = YES;
				CLANG_ENABLE_OBJC_WEAK = YES;
				CLANG_WARN_BLOCK_CAPTURE_AUTORELEASING = YES;
				CLANG_WARN_BOOL_CONVERSION = YES;
				CLANG_WARN_COMMA = YES;
				CLANG_WARN_CONSTANT_CONVERSION = YES;
				CLANG_WARN_DEPRECATED_OBJC_IMPLEMENTATIONS = YES;
				CLANG_WARN_DIRECT_OBJC_ISA_USAGE = YES_ERROR;
				CLANG_WARN_DOCUMENTATION_COMMENTS = YES;
				CLANG_WARN_EMPTY_BODY = YES;
				CLANG_WARN_ENUM_CONVERSION = YES;
				CLANG_WARN_INFINITE_RECURSION = YES;
				CLANG_WARN_INT_CONVERSION = YES;
				CLANG_WARN_NON_LITERAL_NULL_CONVERSION = YES;
				CLANG_WARN_OBJC_IMPLICIT_RETAIN_SELF = YES;
				CLANG_WARN_OBJC_LITERAL_CONVERSION = YES;
				CLANG_WARN_OBJC_ROOT_CLASS = YES_ERROR;
				CLANG_WARN_QUOTED_INCLUDE_IN_FRAMEWORK_HEADER = YES;
				CLANG_WARN_RANGE_LOOP_ANALYSIS = YES;
				CLANG_WARN_STRICT_PROTOTYPES = YES;
				CLANG_WARN_SUSPICIOUS_MOVE = YES;
				CLANG_WARN_UNGUARDED_AVAILABILITY = YES_AGGRESSIVE;
				CLANG_WARN_UNREACHABLE_CODE = YES;
				CLANG_WARN__DUPLICATE_METHOD_MATCH = YES;
				COPY_PHASE_STRIP = NO;
				DEBUG_INFORMATION_FORMAT = "dwarf-with-dsym";
				ENABLE_NS_ASSERTIONS = NO;
				ENABLE_STRICT_OBJC_MSGSEND = YES;
				GCC_C_LANGUAGE_STANDARD = gnu11;
				GCC_NO_COMMON_BLOCKS = YES;
				GCC_WARN_64_TO_32_BIT_CONVERSION = YES;
				GCC_WARN_ABOUT_RETURN_TYPE = YES_ERROR;
				GCC_WARN_UNDECLARED_SELECTOR = YES;
				GCC_WARN_UNINITIALIZED_AUTOS = YES_AGGRESSIVE;
				GCC_WARN_UNUSED_FUNCTION = YES;
				GCC_WARN_UNUSED_VARIABLE = YES;
				IPHONEOS_DEPLOYMENT_TARGET = 15.0;
				MTL_ENABLE_DEBUG_INFO = NO;
				MTL_FAST_MATH = YES;
				SDKROOT = iphoneos;
				SWIFT_COMPILATION_MODE = wholemodule;
				SWIFT_OPTIMIZATION_LEVEL = "-O";
				VALIDATE_PRODUCT = YES;
			};
			name = Release;
		};
		B4FF7C09273ACD00001B0462 /* Debug */ = {
			isa = XCBuildConfiguration;
			baseConfigurationReference = 886AEE5CEF1EB0CB53AA1EA4 /* Pods-MintynApp.debug.xcconfig */;
			buildSettings = {
				ASSETCATALOG_COMPILER_APPICON_NAME = AppIcon;
				ASSETCATALOG_COMPILER_GLOBAL_ACCENT_COLOR_NAME = AccentColor;
				CODE_SIGN_STYLE = Automatic;
				CURRENT_PROJECT_VERSION = 1;
				DEVELOPMENT_TEAM = 8VVW6QSAS9;
				GENERATE_INFOPLIST_FILE = YES;
				INFOPLIST_FILE = MintynApp/Resources/Info.plist;
				INFOPLIST_KEY_UIApplicationSupportsIndirectInputEvents = YES;
				INFOPLIST_KEY_UILaunchStoryboardName = LaunchScreen;
				INFOPLIST_KEY_UISupportedInterfaceOrientations = UIInterfaceOrientationPortrait;
				INFOPLIST_KEY_UISupportedInterfaceOrientations_iPad = "UIInterfaceOrientationPortrait UIInterfaceOrientationPortraitUpsideDown UIInterfaceOrientationLandscapeLeft UIInterfaceOrientationLandscapeRight";
				INFOPLIST_KEY_UISupportedInterfaceOrientations_iPhone = "UIInterfaceOrientationPortrait UIInterfaceOrientationLandscapeLeft UIInterfaceOrientationLandscapeRight";
				LD_RUNPATH_SEARCH_PATHS = (
					"$(inherited)",
					"@executable_path/Frameworks",
				);
				MARKETING_VERSION = 1.0;
				PRODUCT_BUNDLE_IDENTIFIER = com.omokagbo.MintynApp;
				PRODUCT_NAME = "$(TARGET_NAME)";
				SWIFT_EMIT_LOC_STRINGS = YES;
				SWIFT_VERSION = 5.0;
				TARGETED_DEVICE_FAMILY = 1;
			};
			name = Debug;
		};
		B4FF7C0A273ACD00001B0462 /* Release */ = {
			isa = XCBuildConfiguration;
			baseConfigurationReference = DF764332DEE76C58DABA06E2 /* Pods-MintynApp.release.xcconfig */;
			buildSettings = {
				ASSETCATALOG_COMPILER_APPICON_NAME = AppIcon;
				ASSETCATALOG_COMPILER_GLOBAL_ACCENT_COLOR_NAME = AccentColor;
				CODE_SIGN_STYLE = Automatic;
				CURRENT_PROJECT_VERSION = 1;
				DEVELOPMENT_TEAM = 8VVW6QSAS9;
				GENERATE_INFOPLIST_FILE = YES;
				INFOPLIST_FILE = MintynApp/Resources/Info.plist;
				INFOPLIST_KEY_UIApplicationSupportsIndirectInputEvents = YES;
				INFOPLIST_KEY_UILaunchStoryboardName = LaunchScreen;
				INFOPLIST_KEY_UISupportedInterfaceOrientations = UIInterfaceOrientationPortrait;
				INFOPLIST_KEY_UISupportedInterfaceOrientations_iPad = "UIInterfaceOrientationPortrait UIInterfaceOrientationPortraitUpsideDown UIInterfaceOrientationLandscapeLeft UIInterfaceOrientationLandscapeRight";
				INFOPLIST_KEY_UISupportedInterfaceOrientations_iPhone = "UIInterfaceOrientationPortrait UIInterfaceOrientationLandscapeLeft UIInterfaceOrientationLandscapeRight";
				LD_RUNPATH_SEARCH_PATHS = (
					"$(inherited)",
					"@executable_path/Frameworks",
				);
				MARKETING_VERSION = 1.0;
				PRODUCT_BUNDLE_IDENTIFIER = com.omokagbo.MintynApp;
				PRODUCT_NAME = "$(TARGET_NAME)";
				SWIFT_EMIT_LOC_STRINGS = YES;
				SWIFT_VERSION = 5.0;
				TARGETED_DEVICE_FAMILY = 1;
			};
			name = Release;
		};
		B4FF7C0C273ACD00001B0462 /* Debug */ = {
			isa = XCBuildConfiguration;
			baseConfigurationReference = 9F17F9C78AB831E1AEEF667E /* Pods-MintynAppTests.debug.xcconfig */;
			buildSettings = {
				ALWAYS_EMBED_SWIFT_STANDARD_LIBRARIES = YES;
				BUNDLE_LOADER = "$(TEST_HOST)";
				CODE_SIGN_STYLE = Automatic;
				CURRENT_PROJECT_VERSION = 1;
				DEVELOPMENT_TEAM = 8VVW6QSAS9;
				GENERATE_INFOPLIST_FILE = YES;
				IPHONEOS_DEPLOYMENT_TARGET = 15.0;
				LD_RUNPATH_SEARCH_PATHS = (
					"$(inherited)",
					"@executable_path/Frameworks",
					"@loader_path/Frameworks",
				);
				MARKETING_VERSION = 1.0;
				PRODUCT_BUNDLE_IDENTIFIER = com.omokagbo.MintynAppTests;
				PRODUCT_NAME = "$(TARGET_NAME)";
				SWIFT_EMIT_LOC_STRINGS = NO;
				SWIFT_VERSION = 5.0;
				TARGETED_DEVICE_FAMILY = "1,2";
				TEST_HOST = "$(BUILT_PRODUCTS_DIR)/MintynApp.app/MintynApp";
			};
			name = Debug;
		};
		B4FF7C0D273ACD00001B0462 /* Release */ = {
			isa = XCBuildConfiguration;
			baseConfigurationReference = 5191A746F2C1F89E5481D99E /* Pods-MintynAppTests.release.xcconfig */;
			buildSettings = {
				ALWAYS_EMBED_SWIFT_STANDARD_LIBRARIES = YES;
				BUNDLE_LOADER = "$(TEST_HOST)";
				CODE_SIGN_STYLE = Automatic;
				CURRENT_PROJECT_VERSION = 1;
				DEVELOPMENT_TEAM = 8VVW6QSAS9;
				GENERATE_INFOPLIST_FILE = YES;
				IPHONEOS_DEPLOYMENT_TARGET = 15.0;
				LD_RUNPATH_SEARCH_PATHS = (
					"$(inherited)",
					"@executable_path/Frameworks",
					"@loader_path/Frameworks",
				);
				MARKETING_VERSION = 1.0;
				PRODUCT_BUNDLE_IDENTIFIER = com.omokagbo.MintynAppTests;
				PRODUCT_NAME = "$(TARGET_NAME)";
				SWIFT_EMIT_LOC_STRINGS = NO;
				SWIFT_VERSION = 5.0;
				TARGETED_DEVICE_FAMILY = "1,2";
				TEST_HOST = "$(BUILT_PRODUCTS_DIR)/MintynApp.app/MintynApp";
			};
			name = Release;
		};
		B4FF7C0F273ACD00001B0462 /* Debug */ = {
			isa = XCBuildConfiguration;
			baseConfigurationReference = 699A66E8FA6275AAFE83CE99 /* Pods-MintynApp-MintynAppUITests.debug.xcconfig */;
			buildSettings = {
				ALWAYS_EMBED_SWIFT_STANDARD_LIBRARIES = YES;
				CODE_SIGN_STYLE = Automatic;
				CURRENT_PROJECT_VERSION = 1;
				DEVELOPMENT_TEAM = 8VVW6QSAS9;
				GENERATE_INFOPLIST_FILE = YES;
				LD_RUNPATH_SEARCH_PATHS = (
					"$(inherited)",
					"@executable_path/Frameworks",
					"@loader_path/Frameworks",
				);
				MARKETING_VERSION = 1.0;
				PRODUCT_BUNDLE_IDENTIFIER = com.omokagbo.MintynAppUITests;
				PRODUCT_NAME = "$(TARGET_NAME)";
				SWIFT_EMIT_LOC_STRINGS = NO;
				SWIFT_VERSION = 5.0;
				TARGETED_DEVICE_FAMILY = "1,2";
				TEST_TARGET_NAME = MintynApp;
			};
			name = Debug;
		};
		B4FF7C10273ACD00001B0462 /* Release */ = {
			isa = XCBuildConfiguration;
			baseConfigurationReference = A6A81AF702291F138240754C /* Pods-MintynApp-MintynAppUITests.release.xcconfig */;
			buildSettings = {
				ALWAYS_EMBED_SWIFT_STANDARD_LIBRARIES = YES;
				CODE_SIGN_STYLE = Automatic;
				CURRENT_PROJECT_VERSION = 1;
				DEVELOPMENT_TEAM = 8VVW6QSAS9;
				GENERATE_INFOPLIST_FILE = YES;
				LD_RUNPATH_SEARCH_PATHS = (
					"$(inherited)",
					"@executable_path/Frameworks",
					"@loader_path/Frameworks",
				);
				MARKETING_VERSION = 1.0;
				PRODUCT_BUNDLE_IDENTIFIER = com.omokagbo.MintynAppUITests;
				PRODUCT_NAME = "$(TARGET_NAME)";
				SWIFT_EMIT_LOC_STRINGS = NO;
				SWIFT_VERSION = 5.0;
				TARGETED_DEVICE_FAMILY = "1,2";
				TEST_TARGET_NAME = MintynApp;
			};
			name = Release;
		};
/* End XCBuildConfiguration section */

/* Begin XCConfigurationList section */
		B4FF7BD9273ACCFD001B0462 /* Build configuration list for PBXProject "MintynApp" */ = {
			isa = XCConfigurationList;
			buildConfigurations = (
				B4FF7C06273ACD00001B0462 /* Debug */,
				B4FF7C07273ACD00001B0462 /* Release */,
			);
			defaultConfigurationIsVisible = 0;
			defaultConfigurationName = Release;
		};
		B4FF7C08273ACD00001B0462 /* Build configuration list for PBXNativeTarget "MintynApp" */ = {
			isa = XCConfigurationList;
			buildConfigurations = (
				B4FF7C09273ACD00001B0462 /* Debug */,
				B4FF7C0A273ACD00001B0462 /* Release */,
			);
			defaultConfigurationIsVisible = 0;
			defaultConfigurationName = Release;
		};
		B4FF7C0B273ACD00001B0462 /* Build configuration list for PBXNativeTarget "MintynAppTests" */ = {
			isa = XCConfigurationList;
			buildConfigurations = (
				B4FF7C0C273ACD00001B0462 /* Debug */,
				B4FF7C0D273ACD00001B0462 /* Release */,
			);
			defaultConfigurationIsVisible = 0;
			defaultConfigurationName = Release;
		};
		B4FF7C0E273ACD00001B0462 /* Build configuration list for PBXNativeTarget "MintynAppUITests" */ = {
			isa = XCConfigurationList;
			buildConfigurations = (
				B4FF7C0F273ACD00001B0462 /* Debug */,
				B4FF7C10273ACD00001B0462 /* Release */,
			);
			defaultConfigurationIsVisible = 0;
			defaultConfigurationName = Release;
		};
/* End XCConfigurationList section */

/* Begin XCRemoteSwiftPackageReference section */
		B4FF7C27273AE2F9001B0462 /* XCRemoteSwiftPackageReference "IQKeyboardManager" */ = {
			isa = XCRemoteSwiftPackageReference;
			repositoryURL = "https://github.com/hackiftekhar/IQKeyboardManager.git";
			requirement = {
				branch = master;
				kind = branch;
			};
		};
/* End XCRemoteSwiftPackageReference section */

/* Begin XCSwiftPackageProductDependency section */
		B4FF7C28273AE2F9001B0462 /* IQKeyboardManagerSwift */ = {
			isa = XCSwiftPackageProductDependency;
			package = B4FF7C27273AE2F9001B0462 /* XCRemoteSwiftPackageReference "IQKeyboardManager" */;
			productName = IQKeyboardManagerSwift;
		};
/* End XCSwiftPackageProductDependency section */
	};
	rootObject = B4FF7BD6273ACCFD001B0462 /* Project object */;
}
